
Microsoft Visual Studio Solution File, Format Version 12.00
# Visual Studio Version 17
VisualStudioVersion = 17.10.35013.160
MinimumVisualStudioVersion = 10.0.40219.1
Project("{9A19103F-16F7-4668-BE54-9A1E7A4F7556}") = "Platform.Caterlog.Service", "Platform.Caterlog.Service.csproj", "{53E0B23F-EB98-4C2F-8E49-B33835DEF4E2}"
EndProject
Project("{FAE04EC0-301F-11D3-BF4B-00C04F79EFBC}") = "Play.Caterlog.Contracts", "..\Play.Caterlog.Contracts\Play.Caterlog.Contracts.csproj", "{5B963EB8-2255-439F-AF16-CB884F75B9CC}"
EndProject
Global
	GlobalSection(SolutionConfigurationPlatforms) = preSolution
		Debug|Any CPU = Debug|Any CPU
		Release|Any CPU = Release|Any CPU
	EndGlobalSection
	GlobalSection(ProjectConfigurationPlatforms) = postSolution
		{53E0B23F-EB98-4C2F-8E49-B33835DEF4E2}.Debug|Any CPU.ActiveCfg = Debug|Any CPU
		{53E0B23F-EB98-4C2F-8E49-B33835DEF4E2}.Debug|Any CPU.Build.0 = Debug|Any CPU
		{53E0B23F-EB98-4C2F-8E49-B33835DEF4E2}.Release|Any CPU.ActiveCfg = Release|Any CPU
		{53E0B23F-EB98-4C2F-8E49-B33835DEF4E2}.Release|Any CPU.Build.0 = Release|Any CPU
		{5B963EB8-2255-439F-AF16-CB884F75B9CC}.Debug|Any CPU.ActiveCfg = Debug|Any CPU
		{5B963EB8-2255-439F-AF16-CB884F75B9CC}.Debug|Any CPU.Build.0 = Debug|Any CPU
		{5B963EB8-2255-439F-AF16-CB884F75B9CC}.Release|Any CPU.ActiveCfg = Release|Any CPU
		{5B963EB8-2255-439F-AF16-CB884F75B9CC}.Release|Any CPU.Build.0 = Release|Any CPU
	EndGlobalSection
	GlobalSection(SolutionProperties) = preSolution
		HideSolutionNode = FALSE
	EndGlobalSection
	GlobalSection(ExtensibilityGlobals) = postSolution
		SolutionGuid = {783F3936-61F2-48D7-9376-5A80701E7616}
	EndGlobalSection
EndGlobal
